[[package]]
name = "cc"
version = "1.0.3"
source = "registry+https://github.com/rust-lang/crates.io-index"

[[package]]
name = "cmake"
version = "0.1.26"
source = "registry+https://github.com/rust-lang/crates.io-index"
dependencies = [
 "cc 1.0.3 (registry+https://github.com/rust-lang/crates.io-index)",
]

[[package]]
name = "freetype"
version = "0.3.0"
source = "git+https://github.com/Osspial/rust-freetype#380e5923c85d9d96dde36d3ed3b253ef2c5c3014"
dependencies = [
 "libc 0.2.33 (registry+https://github.com/rust-lang/crates.io-index)",
 "servo-freetype-sys 4.0.3 (registry+https://github.com/rust-lang/crates.io-index)",
]

[[package]]
name = "freetype"
version = "0.3.0"
source = "registry+https://github.com/rust-lang/crates.io-index"
dependencies = [
 "libc 0.2.33 (registry+https://github.com/rust-lang/crates.io-index)",
 "servo-freetype-sys 4.0.3 (registry+https://github.com/rust-lang/crates.io-index)",
]

[[package]]
name = "harfbuzz-sys"
version = "0.1.15"
source = "registry+https://github.com/rust-lang/crates.io-index"
dependencies = [
 "cmake 0.1.26 (registry+https://github.com/rust-lang/crates.io-index)",
 "freetype 0.3.0 (registry+https://github.com/rust-lang/crates.io-index)",
 "libc 0.2.33 (registry+https://github.com/rust-lang/crates.io-index)",
 "pkg-config 0.3.9 (registry+https://github.com/rust-lang/crates.io-index)",
]

[[package]]
name = "harfbuzz_test"
version = "0.1.0"
dependencies = [
 "freetype 0.3.0 (git+https://github.com/Osspial/rust-freetype)",
 "harfbuzz-sys 0.1.15 (registry+https://github.com/rust-lang/crates.io-index)",
 "lazy_static 0.2.9 (registry+https://github.com/rust-lang/crates.io-index)",
 "libc 0.2.33 (registry+https://github.com/rust-lang/crates.io-index)",
]

[[package]]
name = "lazy_static"
version = "0.2.9"
source = "registry+https://github.com/rust-lang/crates.io-index"

[[package]]
name = "libc"
version = "0.2.33"
source = "registry+https://github.com/rust-lang/crates.io-index"

[[package]]
name = "pkg-config"
version = "0.3.9"
source = "registry+https://github.com/rust-lang/crates.io-index"

[[package]]
name = "servo-freetype-sys"
version = "4.0.3"
source = "registry+https://github.com/rust-lang/crates.io-index"
dependencies = [
 "cmake 0.1.26 (registry+https://github.com/rust-lang/crates.io-index)",
 "pkg-config 0.3.9 (registry+https://github.com/rust-lang/crates.io-index)",
]

[metadata]
"checksum cc 1.0.3 (registry+https://github.com/rust-lang/crates.io-index)" = "a9b13a57efd6b30ecd6598ebdb302cca617930b5470647570468a65d12ef9719"
"checksum cmake 0.1.26 (registry+https://github.com/rust-lang/crates.io-index)" = "357c07e7a1fc95732793c1edb5901e1a1f305cfcf63a90eb12dbd22bdb6b789d"
"checksum freetype 0.3.0 (git+https://github.com/Osspial/rust-freetype)" = "<none>"
"checksum freetype 0.3.0 (registry+https://github.com/rust-lang/crates.io-index)" = "398b8a11884898184d55aca9806f002b3cf68f0e860e0cbb4586f834ee39b0e7"
"checksum harfbuzz-sys 0.1.15 (registry+https://github.com/rust-lang/crates.io-index)" = "52aa65c5649a0a2f1b27ab30093b3cc84681e17ddb552267e21948c5a6fa6b05"
"checksum lazy_static 0.2.9 (registry+https://github.com/rust-lang/crates.io-index)" = "c9e5e58fa1a4c3b915a561a78a22ee0cac6ab97dca2504428bc1cb074375f8d5"
"checksum libc 0.2.33 (registry+https://github.com/rust-lang/crates.io-index)" = "5ba3df4dcb460b9dfbd070d41c94c19209620c191b0340b929ce748a2bcd42d2"
"checksum pkg-config 0.3.9 (registry+https://github.com/rust-lang/crates.io-index)" = "3a8b4c6b8165cd1a1cd4b9b120978131389f64bdaf456435caa41e630edba903"
"checksum servo-freetype-sys 4.0.3 (registry+https://github.com/rust-lang/crates.io-index)" = "9232032c2e85118c0282c6562c84cab12316e655491ba0a5d1905b2320060d1b"
